
Microsoft Visual Studio Solution File, Format Version 12.00
# Visual Studio Version 16
VisualStudioVersion = 16.0.30717.126
MinimumVisualStudioVersion = 10.0.40219.1
Project("{FAE04EC0-301F-11D3-BF4B-00C04F79EFBC}") = "3dFps", "3dFps\3dFps.csproj", "{3581DDA6-0D1C-4D5B-838F-793FF6370269}"
EndProject
Global
	GlobalSection(SolutionConfigurationPlatforms) = preSolution
		Debug|Any CPU = Debug|Any CPU
		Release|Any CPU = Release|Any CPU
	EndGlobalSection
	GlobalSection(ProjectConfigurationPlatforms) = postSolution
		{3581DDA6-0D1C-4D5B-838F-793FF6370269}.Debug|Any CPU.ActiveCfg = Debug|Any CPU
		{3581DDA6-0D1C-4D5B-838F-793FF6370269}.Debug|Any CPU.Build.0 = Debug|Any CPU
		{3581DDA6-0D1C-4D5B-838F-793FF6370269}.Release|Any CPU.ActiveCfg = Release|Any CPU
		{3581DDA6-0D1C-4D5B-838F-793FF6370269}.Release|Any CPU.Build.0 = Release|Any CPU
	EndGlobalSection
	GlobalSection(SolutionProperties) = preSolution
		HideSolutionNode = FALSE
	EndGlobalSection
	GlobalSection(ExtensibilityGlobals) = postSolution
		SolutionGuid = {C1153459-033E-452D-AFB3-F501E378E2ED}
	EndGlobalSection
EndGlobal
